
Microsoft Visual Studio Solution File, Format Version 12.00
# Visual Studio 15
VisualStudioVersion = 15.0.28010.2016
MinimumVisualStudioVersion = 10.0.40219.1
Project("{9A19103F-16F7-4668-BE54-9A1E7A4F7556}") = "MongoDb.JsonPatchConverter", "MongoDb.JsonPatchConverter\MongoDb.JsonPatchConverter.csproj", "{8681AA20-0C0B-4264-9D6E-C3A3044AF275}"
EndProject
Project("{9A19103F-16F7-4668-BE54-9A1E7A4F7556}") = "MongoDb.JsonPatchConverter.Tests", "MongoDb.JsonPatchConverter.Tests\MongoDb.JsonPatchConverter.Tests.csproj", "{D115764D-7163-4B57-988B-CBE2216B40D5}"
EndProject
Global
	GlobalSection(SolutionConfigurationPlatforms) = preSolution
		Debug|Any CPU = Debug|Any CPU
		Release|Any CPU = Release|Any CPU
	EndGlobalSection
	GlobalSection(ProjectConfigurationPlatforms) = postSolution
		{8681AA20-0C0B-4264-9D6E-C3A3044AF275}.Debug|Any CPU.ActiveCfg = Debug|Any CPU
		{8681AA20-0C0B-4264-9D6E-C3A3044AF275}.Debug|Any CPU.Build.0 = Debug|Any CPU
		{8681AA20-0C0B-4264-9D6E-C3A3044AF275}.Release|Any CPU.ActiveCfg = Release|Any CPU
		{8681AA20-0C0B-4264-9D6E-C3A3044AF275}.Release|Any CPU.Build.0 = Release|Any CPU
		{D115764D-7163-4B57-988B-CBE2216B40D5}.Debug|Any CPU.ActiveCfg = Debug|Any CPU
		{D115764D-7163-4B57-988B-CBE2216B40D5}.Debug|Any CPU.Build.0 = Debug|Any CPU
		{D115764D-7163-4B57-988B-CBE2216B40D5}.Release|Any CPU.ActiveCfg = Release|Any CPU
		{D115764D-7163-4B57-988B-CBE2216B40D5}.Release|Any CPU.Build.0 = Release|Any CPU
	EndGlobalSection
	GlobalSection(SolutionProperties) = preSolution
		HideSolutionNode = FALSE
	EndGlobalSection
	GlobalSection(ExtensibilityGlobals) = postSolution
		SolutionGuid = {B0019940-5F75-4C14-B4B8-C6B13EDBDBD1}
	EndGlobalSection
EndGlobal
